
Microsoft Visual Studio Solution File, Format Version 12.00
# Visual Studio Version 17
VisualStudioVersion = 17.9.34607.119
MinimumVisualStudioVersion = 10.0.40219.1
Project("{FAE04EC0-301F-11D3-BF4B-00C04F79EFBC}") = "Esercizio_S6_BE_M2", "Esercizio_S6_BE_M2\Esercizio_S6_BE_M2.csproj", "{095065F9-2D2A-466E-81C1-4EB9D60FDB25}"
EndProject
Global
	GlobalSection(SolutionConfigurationPlatforms) = preSolution
		Debug|Any CPU = Debug|Any CPU
		Release|Any CPU = Release|Any CPU
	EndGlobalSection
	GlobalSection(ProjectConfigurationPlatforms) = postSolution
		{095065F9-2D2A-466E-81C1-4EB9D60FDB25}.Debug|Any CPU.ActiveCfg = Debug|Any CPU
		{095065F9-2D2A-466E-81C1-4EB9D60FDB25}.Debug|Any CPU.Build.0 = Debug|Any CPU
		{095065F9-2D2A-466E-81C1-4EB9D60FDB25}.Release|Any CPU.ActiveCfg = Release|Any CPU
		{095065F9-2D2A-466E-81C1-4EB9D60FDB25}.Release|Any CPU.Build.0 = Release|Any CPU
	EndGlobalSection
	GlobalSection(SolutionProperties) = preSolution
		HideSolutionNode = FALSE
	EndGlobalSection
	GlobalSection(ExtensibilityGlobals) = postSolution
		SolutionGuid = {82DB7BC9-28A7-48B8-AA17-CEEC771615C8}
	EndGlobalSection
EndGlobal
